
Microsoft Visual Studio Solution File, Format Version 12.00
# Visual Studio Version 16
VisualStudioVersion = 16.0.31025.194
MinimumVisualStudioVersion = 10.0.40219.1
Project("{FAE04EC0-301F-11D3-BF4B-00C04F79EFBC}") = "TCP Chat - Server", "TCP Chat - Server\TCP Chat - Server.csproj", "{72A9C6F1-BA05-4E92-A55C-CAD9DB262DB2}"
EndProject
Project("{FAE04EC0-301F-11D3-BF4B-00C04F79EFBC}") = "TCP Chat - Client", "TCP Chat - Client\TCP Chat - Client.csproj", "{60030861-D3E6-4813-A8C5-22BFE5F43336}"
EndProject
Global
	GlobalSection(SolutionConfigurationPlatforms) = preSolution
		Debug|Any CPU = Debug|Any CPU
		Release|Any CPU = Release|Any CPU
	EndGlobalSection
	GlobalSection(ProjectConfigurationPlatforms) = postSolution
		{72A9C6F1-BA05-4E92-A55C-CAD9DB262DB2}.Debug|Any CPU.ActiveCfg = Debug|Any CPU
		{72A9C6F1-BA05-4E92-A55C-CAD9DB262DB2}.Debug|Any CPU.Build.0 = Debug|Any CPU
		{72A9C6F1-BA05-4E92-A55C-CAD9DB262DB2}.Release|Any CPU.ActiveCfg = Release|Any CPU
		{72A9C6F1-BA05-4E92-A55C-CAD9DB262DB2}.Release|Any CPU.Build.0 = Release|Any CPU
		{60030861-D3E6-4813-A8C5-22BFE5F43336}.Debug|Any CPU.ActiveCfg = Debug|Any CPU
		{60030861-D3E6-4813-A8C5-22BFE5F43336}.Debug|Any CPU.Build.0 = Debug|Any CPU
		{60030861-D3E6-4813-A8C5-22BFE5F43336}.Release|Any CPU.ActiveCfg = Release|Any CPU
		{60030861-D3E6-4813-A8C5-22BFE5F43336}.Release|Any CPU.Build.0 = Release|Any CPU
	EndGlobalSection
	GlobalSection(SolutionProperties) = preSolution
		HideSolutionNode = FALSE
	EndGlobalSection
	GlobalSection(ExtensibilityGlobals) = postSolution
		SolutionGuid = {3D3243E6-90F4-42FC-90C8-7CEF1A3868BE}
	EndGlobalSection
EndGlobal
